{
  "requires": true,
  "lockfileVersion": 1,
  "dependencies": {
    "@angular/flex-layout": {
      "version": "5.0.0-beta.14",
      "resolved": "https://registry.npmjs.org/@angular/flex-layout/-/flex-layout-5.0.0-beta.14.tgz",
      "integrity": "sha512-/fsOqXFUKdCmzzZx0bZ0HCYwcV+BSbVuIgOhaCrZKHj2rqiWKKPgj1ErU3HMT68bBBGag0u0skTdLGtrBorRIA==",
      "requires": {
        "tslib": "1.9.0"
      }
    },
    "fullpage.js": {
      "version": "2.9.7",
      "resolved": "https://registry.npmjs.org/fullpage.js/-/fullpage.js-2.9.7.tgz",
      "integrity": "sha512-r2a7h/xAFRningddSAP/xZtZxG3dxvmAc71ckommFsHF/EAPu5gw1CU4DRc2ErRg10lLX1gBoybISpa5F3ps5A==",
      "requires": {
        "jquery": "3.3.1"
      }
    },
    "jquery": {
      "version": "3.3.1",
      "resolved": "https://registry.npmjs.org/jquery/-/jquery-3.3.1.tgz",
      "integrity": "sha512-Ubldcmxp5np52/ENotGxlLe6aGMvmF4R8S6tZjsP6Knsaxd/xp3Zrh50cG93lR6nPXyUFwzN3ZSOQI0wRJNdGg=="
    },
    "ng2-slim-loading-bar": {
      "version": "4.0.0",
      "resolved": "https://registry.npmjs.org/ng2-slim-loading-bar/-/ng2-slim-loading-bar-4.0.0.tgz",
      "integrity": "sha1-clb93nwFjxSVWj7y5lr6+1tmRgM="
    },
    "ngx-fullpage": {
      "version": "4.0.6",
      "resolved": "https://registry.npmjs.org/ngx-fullpage/-/ngx-fullpage-4.0.6.tgz",
      "integrity": "sha1-kBboPO1bsOKp9QVSYwRg/QcqFv0=",
      "requires": {
        "fullpage.js": "2.9.7",
        "jquery": "3.3.1"
      }
    },
    "tslib": {
      "version": "1.9.0",
      "resolved": "https://registry.npmjs.org/tslib/-/tslib-1.9.0.tgz",
      "integrity": "sha512-f/qGG2tUkrISBlQZEjEqoZ3B2+npJjIf04H1wuAv9iA8i04Icp+61KRXxFdha22670NJopsZCIjhC3SnjPRKrQ=="
    }
  }
}
